
Microsoft Visual Studio Solution File, Format Version 12.00
# Visual Studio 15
VisualStudioVersion = 15.0.28307.1267
MinimumVisualStudioVersion = 10.0.40219.1
Project("{8BC9CEB8-8B4A-11D0-8D11-00A0C91BC942}") = "homework", "homework\homework.vcxproj", "{E6646631-F23D-4EF3-920E-D75BB6D0646B}"
EndProject
Global
	GlobalSection(SolutionConfigurationPlatforms) = preSolution
		Debug|x64 = Debug|x64
		Debug|x86 = Debug|x86
		Release|x64 = Release|x64
		Release|x86 = Release|x86
	EndGlobalSection
	GlobalSection(ProjectConfigurationPlatforms) = postSolution
		{E6646631-F23D-4EF3-920E-D75BB6D0646B}.Debug|x64.ActiveCfg = Debug|x64
		{E6646631-F23D-4EF3-920E-D75BB6D0646B}.Debug|x64.Build.0 = Debug|x64
		{E6646631-F23D-4EF3-920E-D75BB6D0646B}.Debug|x86.ActiveCfg = Debug|Win32
		{E6646631-F23D-4EF3-920E-D75BB6D0646B}.Debug|x86.Build.0 = Debug|Win32
		{E6646631-F23D-4EF3-920E-D75BB6D0646B}.Release|x64.ActiveCfg = Release|x64
		{E6646631-F23D-4EF3-920E-D75BB6D0646B}.Release|x64.Build.0 = Release|x64
		{E6646631-F23D-4EF3-920E-D75BB6D0646B}.Release|x86.ActiveCfg = Release|Win32
		{E6646631-F23D-4EF3-920E-D75BB6D0646B}.Release|x86.Build.0 = Release|Win32
	EndGlobalSection
	GlobalSection(SolutionProperties) = preSolution
		HideSolutionNode = FALSE
	EndGlobalSection
	GlobalSection(ExtensibilityGlobals) = postSolution
		SolutionGuid = {93DE8BAD-1ED6-47AD-A480-51326C7C7D1A}
	EndGlobalSection
EndGlobal
